Microsoft Visual Studio Solution File, Format Version 11.00
# Visual Studio 2008

Project("{3EBC7A01-0972-0AB1-3028-198FFBBB1AC0}") = "M.I.T-Launch-Club", "Assembly-CSharp-firstpass.csproj", "{8CC10F3F-98CE-9306-8745-12A996F73380}"
EndProject
Project("{3EBC7A01-0972-0AB1-3028-198FFBBB1AC0}") = "M.I.T-Launch-Club", "Assembly-CSharp.csproj", "{A2C43009-3461-55EC-E02B-9A36C9272A52}"
EndProject
Global
	GlobalSection(SolutionConfigurationPlatforms) = preSolution
		Debug|Any CPU = Debug|Any CPU
		Release|Any CPU = Release|Any CPU
	EndGlobalSection
	GlobalSection(ProjectConfigurationPlatforms) = postSolution
		{8CC10F3F-98CE-9306-8745-12A996F73380}.Debug|Any CPU.ActiveCfg = Debug|Any CPU
		{8CC10F3F-98CE-9306-8745-12A996F73380}.Debug|Any CPU.Build.0 = Debug|Any CPU
		{8CC10F3F-98CE-9306-8745-12A996F73380}.Release|Any CPU.ActiveCfg = Release|Any CPU
		{8CC10F3F-98CE-9306-8745-12A996F73380}.Release|Any CPU.Build.0 = Release|Any CPU
		{A2C43009-3461-55EC-E02B-9A36C9272A52}.Debug|Any CPU.ActiveCfg = Debug|Any CPU
		{A2C43009-3461-55EC-E02B-9A36C9272A52}.Debug|Any CPU.Build.0 = Debug|Any CPU
		{A2C43009-3461-55EC-E02B-9A36C9272A52}.Release|Any CPU.ActiveCfg = Release|Any CPU
		{A2C43009-3461-55EC-E02B-9A36C9272A52}.Release|Any CPU.Build.0 = Release|Any CPU
	EndGlobalSection
	GlobalSection(SolutionProperties) = preSolution
		HideSolutionNode = FALSE
	EndGlobalSection
																																	GlobalSection(MonoDevelopProperties) = preSolution
		StartupItem = Assembly-CSharp.csproj
		Policies = $0
		$0.TextStylePolicy = $1
		$1.inheritsSet = null
		$1.scope = text/x-csharp
		$0.CSharpFormattingPolicy = $2
		$2.inheritsSet = Mono
		$2.inheritsScope = text/x-csharp
		$2.scope = text/x-csharp
		$0.TextStylePolicy = $3
		$3.FileWidth = 120
		$3.TabWidth = 4
		$3.IndentWidth = 4
		$3.EolMarker = Unix
		$3.inheritsSet = Mono
		$3.inheritsScope = text/plain
		$3.scope = text/plain
	EndGlobalSection

EndGlobal
